
Microsoft Visual Studio Solution File, Format Version 12.00
# Visual Studio 15
VisualStudioVersion = 15.0.28010.2019
MinimumVisualStudioVersion = 10.0.40219.1
Project("{8BC9CEB8-8B4A-11D0-8D11-00A0C91BC942}") = "C++Opgave-Andreas-K-Jensen", "C++Opgave-Andreas-K-Jensen\C++Opgave-Andreas-K-Jensen.vcxproj", "{BE112063-B736-491B-9AA2-1C85A8A04581}"
EndProject
Global
	GlobalSection(SolutionConfigurationPlatforms) = preSolution
		Debug|x64 = Debug|x64
		Debug|x86 = Debug|x86
		Release|x64 = Release|x64
		Release|x86 = Release|x86
	EndGlobalSection
	GlobalSection(ProjectConfigurationPlatforms) = postSolution
		{BE112063-B736-491B-9AA2-1C85A8A04581}.Debug|x64.ActiveCfg = Debug|x64
		{BE112063-B736-491B-9AA2-1C85A8A04581}.Debug|x64.Build.0 = Debug|x64
		{BE112063-B736-491B-9AA2-1C85A8A04581}.Debug|x86.ActiveCfg = Debug|Win32
		{BE112063-B736-491B-9AA2-1C85A8A04581}.Debug|x86.Build.0 = Debug|Win32
		{BE112063-B736-491B-9AA2-1C85A8A04581}.Release|x64.ActiveCfg = Release|x64
		{BE112063-B736-491B-9AA2-1C85A8A04581}.Release|x64.Build.0 = Release|x64
		{BE112063-B736-491B-9AA2-1C85A8A04581}.Release|x86.ActiveCfg = Release|Win32
		{BE112063-B736-491B-9AA2-1C85A8A04581}.Release|x86.Build.0 = Release|Win32
	EndGlobalSection
	GlobalSection(SolutionProperties) = preSolution
		HideSolutionNode = FALSE
	EndGlobalSection
	GlobalSection(ExtensibilityGlobals) = postSolution
		SolutionGuid = {96074885-1723-409A-AC4C-FCAE7DA3AC59}
	EndGlobalSection
EndGlobal
